lockfileVersion: '9.0'

settings:
  autoInstallPeers: true
  excludeLinksFromLockfile: false

importers:

  .:
    dependencies:
      tree-sitter-cli:
        specifier: ^0.26.5
        version: 0.26.8
    devDependencies:
      '@angular/language-service':
        specifier: ^21.2.12
        version: 21.2.12

packages:

  '@angular/language-service@21.2.12':
    resolution: {integrity: sha512-s/wqCPac7uhYEWQBDZFYh91Sg3wEiieC4mdzni+ki5RcYP6VzAfnmfcoDAh7Ype7c1dQ7K0YmDi4DsQB4FvXlA==}
    engines: {node: ^20.19.0 || ^22.12.0 || >=24.0.0}

  tree-sitter-cli@0.26.8:
    resolution: {integrity: sha512-teQFMF5V/g8aIdakZ0M/eZoedCM3MuBt1JuDOICLloA2hy7QfeOInb99U6wiML4qXcBHWREwf0U1TWzw7p67YA==}
    engines: {node: '>=12.0.0'}
    hasBin: true

snapshots:

  '@angular/language-service@21.2.12': {}

  tree-sitter-cli@0.26.8: {}
